// !$*UTF8*$!
{
	archiveVersion = 1;
	classes = {
	};
	objectVersion = 46;
	objects = {

/* Begin PBXBuildFile section */
		22E3F3701D1AA169005F9893 /* AppDelegate.swift in Sources */ = {isa = PBXBuildFile; fileRef = 22E3F36F1D1AA169005F9893 /* AppDelegate.swift */; };
		22E3F3721D1AA169005F9893 /* ViewController.swift in Sources */ = {isa = PBXBuildFile; fileRef = 22E3F3711D1AA169005F9893 /* ViewController.swift */; };
		22E3F3751D1AA16A005F9893 /* Main.storyboard in Resources */ = {isa = PBXBuildFile; fileRef = 22E3F3731D1AA16A005F9893 /* Main.storyboard */; };
		22E3F3771D1AA16A005F9893 /* Assets.xcassets in Resources */ = {isa = PBXBuildFile; fileRef = 22E3F3761D1AA16A005F9893 /* Assets.xcassets */; };
		22E3F37A1D1AA16A005F9893 /* LaunchScreen.storyboard in Resources */ = {isa = PBXBuildFile; fileRef = 22E3F3781D1AA16A005F9893 /* LaunchScreen.storyboard */; };
		22E3F3821D1AA363005F9893 /* ViewController2.swift in Sources */ = {isa = PBXBuildFile; fileRef = 22E3F3811D1AA363005F9893 /* ViewController2.swift */; };
		22E3F3841D1AA68F005F9893 /* LoginManager.swift in Sources */ = {isa = PBXBuildFile; fileRef = 22E3F3831D1AA68F005F9893 /* LoginManager.swift */; };
/* End PBXBuildFile section */

/* Begin PBXFileReference section */
		22E3F36C1D1AA169005F9893 /* fw task.app */ = {isa = PBXFileReference; explicitFileType = wrapper.application; includeInIndex = 0; path = "fw task.app"; sourceTree = BUILT_PRODUCTS_DIR; };
		22E3F36F1D1AA169005F9893 /* AppDelegate.swift */ = {isa = PBXFileReference; lastKnownFileType = sourcecode.swift; path = AppDelegate.swift; sourceTree = "<group>"; };
		22E3F3711D1AA169005F9893 /* ViewController.swift */ = {isa = PBXFileReference; lastKnownFileType = sourcecode.swift; path = ViewController.swift; sourceTree = "<group>"; };
		22E3F3741D1AA16A005F9893 /* Base */ = {isa = PBXFileReference; lastKnownFileType = file.storyboard; name = Base; path = Base.lproj/Main.storyboard; sourceTree = "<group>"; };
		22E3F3761D1AA16A005F9893 /* Assets.xcassets */ = {isa = PBXFileReference; lastKnownFileType = folder.assetcatalog; path = Assets.xcassets; sourceTree = "<group>"; };
		22E3F3791D1AA16A005F9893 /* Base */ = {isa = PBXFileReference; lastKnownFileType = file.storyboard; name = Base; path = Base.lproj/LaunchScreen.storyboard; sourceTree = "<group>"; };
		22E3F37B1D1AA16A005F9893 /* Info.plist */ = {isa = PBXFileReference; lastKnownFileType = text.plist.xml; path = Info.plist; sourceTree = "<group>"; };
		22E3F3811D1AA363005F9893 /* ViewController2.swift */ = {isa = PBXFileReference; fileEncoding = 4; lastKnownFileType = sourcecode.swift; path = ViewController2.swift; sourceTree = "<group>"; };
		22E3F3831D1AA68F005F9893 /* LoginManager.swift */ = {isa = PBXFileReference; fileEncoding = 4; lastKnownFileType = sourcecode.swift; path = LoginManager.swift; sourceTree = "<group>"; };
/* End PBXFileReference section */

/* Begin PBXFrameworksBuildPhase section */
		22E3F3691D1AA168005F9893 /* Frameworks */ = {
			isa = PBXFrameworksBuildPhase;
			buildActionMask = 2147483647;
			files = (
			);
			runOnlyForDeploymentPostprocessing = 0;
		};
/* End PBXFrameworksBuildPhase section */

/* Begin PBXGroup section */
		22E3F3631D1AA168005F9893 = {
			isa = PBXGroup;
			children = (
				22E3F36E1D1AA169005F9893 /* fw task */,
				22E3F36D1D1AA169005F9893 /* Products */,
			);
			sourceTree = "<group>";
		};
		22E3F36D1D1AA169005F9893 /* Products */ = {
			isa = PBXGroup;
			children = (
				22E3F36C1D1AA169005F9893 /* fw task.app */,
			);
			name = Products;
			sourceTree = "<group>";
		};
		22E3F36E1D1AA169005F9893 /* fw task */ = {
			isa = PBXGroup;
			children = (
				22E3F36F1D1AA169005F9893 /* AppDelegate.swift */,
				22E3F3711D1AA169005F9893 /* ViewController.swift */,
				22E3F3811D1AA363005F9893 /* ViewController2.swift */,
				22E3F3831D1AA68F005F9893 /* LoginManager.swift */,
				22E3F3731D1AA16A005F9893 /* Main.storyboard */,
				22E3F3761D1AA16A005F9893 /* Assets.xcassets */,
				22E3F3781D1AA16A005F9893 /* LaunchScreen.storyboard */,
				22E3F37B1D1AA16A005F9893 /* Info.plist */,
			);
			path = "fw task";
			sourceTree = "<group>";
		};
/* End PBXGroup section */

/* Begin PBXNativeTarget section */
		22E3F36B1D1AA168005F9893 /* fw task */ = {
			isa = PBXNativeTarget;
			buildConfigurationList = 22E3F37E1D1AA16A005F9893 /* Build configuration list for PBXNativeTarget "fw task" */;
			buildPhases = (
				22E3F3681D1AA168005F9893 /* Sources */,
				22E3F3691D1AA168005F9893 /* Frameworks */,
				22E3F36A1D1AA168005F9893 /* Resources */,
			);
			buildRules = (
			);
			dependencies = (
			);
			name = "fw task";
			productName = "fw task";
			productReference = 22E3F36C1D1AA169005F9893 /* fw task.app */;
			productType = "com.apple.product-type.application";
		};
/* End PBXNativeTarget section */

/* Begin PBXProject section */
		22E3F3641D1AA168005F9893 /* Project object */ = {
			isa = PBXProject;
			attributes = {
				LastSwiftUpdateCheck = 0730;
				LastUpgradeCheck = 0730;
				ORGANIZATIONNAME = wasea;
				TargetAttributes = {
					22E3F36B1D1AA168005F9893 = {
						CreatedOnToolsVersion = 7.3.1;
					};
				};
			};
			buildConfigurationList = 22E3F3671D1AA168005F9893 /* Build configuration list for PBXProject "fw task" */;
			compatibilityVersion = "Xcode 3.2";
			developmentRegion = English;
			hasScannedForEncodings = 0;
			knownRegions = (
				en,
				Base,
			);
			mainGroup = 22E3F3631D1AA168005F9893;
			productRefGroup = 22E3F36D1D1AA169005F9893 /* Products */;
			projectDirPath = "";
			projectRoot = "";
			targets = (
				22E3F36B1D1AA168005F9893 /* fw task */,
			);
		};
/* End PBXProject section */

/* Begin PBXResourcesBuildPhase section */
		22E3F36A1D1AA168005F9893 /* Resources */ = {
			isa = PBXResourcesBuildPhase;
			buildActionMask = 2147483647;
			files = (
				22E3F37A1D1AA16A005F9893 /* LaunchScreen.storyboard in Resources */,
				22E3F3771D1AA16A005F9893 /* Assets.xcassets in Resources */,
				22E3F3751D1AA16A005F9893 /* Main.storyboard in Resources */,
			);
			runOnlyForDeploymentPostprocessing = 0;
		};
/* End PBXResourcesBuildPhase section */

/* Begin PBXSourcesBuildPhase section */
		22E3F3681D1AA168005F9893 /* Sources */ = {
			isa = PBXSourcesBuildPhase;
			buildActionMask = 2147483647;
			files = (
				22E3F3721D1AA169005F9893 /* ViewController.swift in Sources */,
				22E3F3841D1AA68F005F9893 /* LoginManager.swift in Sources */,
				22E3F3701D1AA169005F9893 /* AppDelegate.swift in Sources */,
				22E3F3821D1AA363005F9893 /* ViewController2.swift in Sources */,
			);
			runOnlyForDeploymentPostprocessing = 0;
		};
/* End PBXSourcesBuildPhase section */

/* Begin PBXVariantGroup section */
		22E3F3731D1AA16A005F9893 /* Main.storyboard */ = {
			isa = PBXVariantGroup;
			children = (
				22E3F3741D1AA16A005F9893 /* Base */,
			);
			name = Main.storyboard;
			sourceTree = "<group>";
		};
		22E3F3781D1AA16A005F9893 /* LaunchScreen.storyboard */ = {
			isa = PBXVariantGroup;
			children = (
				22E3F3791D1AA16A005F9893 /* Base */,
			);
			name = LaunchScreen.storyboard;
			sourceTree = "<group>";
		};
/* End PBXVariantGroup section */

/* Begin XCBuildConfiguration section */
		22E3F37C1D1AA16A005F9893 /* Debug */ = {
			isa = XCBuildConfiguration;
			buildSettings = {
				ALWAYS_SEARCH_USER_PATHS = NO;
				CLANG_ANALYZER_NONNULL = YES;
				CLANG_CXX_LANGUAGE_STANDARD = "gnu++0x";
				CLANG_CXX_LIBRARY = "libc++";
				CLANG_ENABLE_MODULES = YES;
				CLANG_ENABLE_OBJC_ARC = YES;
				CLANG_WARN_BOOL_CONVERSION = YES;
				CLANG_WARN_CONSTANT_CONVERSION = YES;
				CLANG_WARN_DIRECT_OBJC_ISA_USAGE = YES_ERROR;
				CLANG_WARN_EMPTY_BODY = YES;
				CLANG_WARN_ENUM_CONVERSION = YES;
				CLANG_WARN_INT_CONVERSION = YES;
				CLANG_WARN_OBJC_ROOT_CLASS = YES_ERROR;
				CLANG_WARN_UNREACHABLE_CODE = YES;
				CLANG_WARN__DUPLICATE_METHOD_MATCH = YES;
				"CODE_SIGN_IDENTITY[sdk=iphoneos*]" = "iPhone Developer";
				COPY_PHASE_STRIP = NO;
				DEBUG_INFORMATION_FORMAT = dwarf;
				ENABLE_STRICT_OBJC_MSGSEND = YES;
				ENABLE_TESTABILITY = YES;
				GCC_C_LANGUAGE_STANDARD = gnu99;
				GCC_DYNAMIC_NO_PIC = NO;
				GCC_NO_COMMON_BLOCKS = YES;
				GCC_OPTIMIZATION_LEVEL = 0;
				GCC_PREPROCESSOR_DEFINITIONS = (
					"DEBUG=1",
					"$(inherited)",
				);
				GCC_WARN_64_TO_32_BIT_CONVERSION = YES;
				GCC_WARN_ABOUT_RETURN_TYPE = YES_ERROR;
				GCC_WARN_UNDECLARED_SELECTOR = YES;
				GCC_WARN_UNINITIALIZED_AUTOS = YES_AGGRESSIVE;
				GCC_WARN_UNUSED_FUNCTION = YES;
				GCC_WARN_UNUSED_VARIABLE = YES;
				IPHONEOS_DEPLOYMENT_TARGET = 9.3;
				MTL_ENABLE_DEBUG_INFO = YES;
				ONLY_ACTIVE_ARCH = YES;
				SDKROOT = iphoneos;
				SWIFT_OPTIMIZATION_LEVEL = "-Onone";
			};
			name = Debug;
		};
		22E3F37D1D1AA16A005F9893 /* Release */ = {
			isa = XCBuildConfiguration;
			buildSettings = {
				ALWAYS_SEARCH_USER_PATHS = NO;
				CLANG_ANALYZER_NONNULL = YES;
				CLANG_CXX_LANGUAGE_STANDARD = "gnu++0x";
				CLANG_CXX_LIBRARY = "libc++";
				CLANG_ENABLE_MODULES = YES;
				CLANG_ENABLE_OBJC_ARC = YES;
				CLANG_WARN_BOOL_CONVERSION = YES;
				CLANG_WARN_CONSTANT_CONVERSION = YES;
				CLANG_WARN_DIRECT_OBJC_ISA_USAGE = YES_ERROR;
				CLANG_WARN_EMPTY_BODY = YES;
				CLANG_WARN_ENUM_CONVERSION = YES;
				CLANG_WARN_INT_CONVERSION = YES;
				CLANG_WARN_OBJC_ROOT_CLASS = YES_ERROR;
				CLANG_WARN_UNREACHABLE_CODE = YES;
				CLANG_WARN__DUPLICATE_METHOD_MATCH = YES;
				"CODE_SIGN_IDENTITY[sdk=iphoneos*]" = "iPhone Developer";
				COPY_PHASE_STRIP = NO;
				DEBUG_INFORMATION_FORMAT = "dwarf-with-dsym";
				ENABLE_NS_ASSERTIONS = NO;
				ENABLE_STRICT_OBJC_MSGSEND = YES;
				GCC_C_LANGUAGE_STANDARD = gnu99;
				GCC_NO_COMMON_BLOCKS = YES;
				GCC_WARN_64_TO_32_BIT_CONVERSION = YES;
				GCC_WARN_ABOUT_RETURN_TYPE = YES_ERROR;
				GCC_WARN_UNDECLARED_SELECTOR = YES;
				GCC_WARN_UNINITIALIZED_AUTOS = YES_AGGRESSIVE;
				GCC_WARN_UNUSED_FUNCTION = YES;
				GCC_WARN_UNUSED_VARIABLE = YES;
				IPHONEOS_DEPLOYMENT_TARGET = 9.3;
				MTL_ENABLE_DEBUG_INFO = NO;
				SDKROOT = iphoneos;
				VALIDATE_PRODUCT = YES;
			};
			name = Release;
		};
		22E3F37F1D1AA16A005F9893 /* Debug */ = {
			isa = XCBuildConfiguration;
			buildSettings = {
				ASSETCATALOG_COMPILER_APPICON_NAME = AppIcon;
				INFOPLIST_FILE = "fw task/Info.plist";
				LD_RUNPATH_SEARCH_PATHS = "$(inherited) @executable_path/Frameworks";
				PRODUCT_BUNDLE_IDENTIFIER = "abc.fw-task";
				PRODUCT_NAME = "$(TARGET_NAME)";
			};
			name = Debug;
		};
		22E3F3801D1AA16A005F9893 /* Release */ = {
			isa = XCBuildConfiguration;
			buildSettings = {
				ASSETCATALOG_COMPILER_APPICON_NAME = AppIcon;
				INFOPLIST_FILE = "fw task/Info.plist";
				LD_RUNPATH_SEARCH_PATHS = "$(inherited) @executable_path/Frameworks";
				PRODUCT_BUNDLE_IDENTIFIER = "abc.fw-task";
				PRODUCT_NAME = "$(TARGET_NAME)";
			};
			name = Release;
		};
/* End XCBuildConfiguration section */

/* Begin XCConfigurationList section */
		22E3F3671D1AA168005F9893 /* Build configuration list for PBXProject "fw task" */ = {
			isa = XCConfigurationList;
			buildConfigurations = (
				22E3F37C1D1AA16A005F9893 /* Debug */,
				22E3F37D1D1AA16A005F9893 /* Release */,
			);
			defaultConfigurationIsVisible = 0;
			defaultConfigurationName = Release;
		};
		22E3F37E1D1AA16A005F9893 /* Build configuration list for PBXNativeTarget "fw task" */ = {
			isa = XCConfigurationList;
			buildConfigurations = (
				22E3F37F1D1AA16A005F9893 /* Debug */,
				22E3F3801D1AA16A005F9893 /* Release */,
			);
			defaultConfigurationIsVisible = 0;
		};
/* End XCConfigurationList section */
	};
	rootObject = 22E3F3641D1AA168005F9893 /* Project object */;
}
