// !$*UTF8*$!
{
	archiveVersion = 1;
	classes = {
	};
	objectVersion = 46;
	objects = {

/* Begin PBXBuildFile section */
		22E3F3701D1AA169005F9893 /* AppDelegate.swift in Sources */ = {isa = PBXBuildFile; fileRef = 22E3F36F1D1AA169005F9893 /* AppDelegate.swift */; };
		22E3F3721D1AA169005F9893 /* ViewController.swift in Sources */ = {isa = PBXBuildFile; fileRef = 22E3F3711D1AA169005F9893 /* ViewController.swift */; };
		22E3F3751D1AA16A005F9893 /* Main.storyboard in Resources */ = {isa = PBXBuildFile; fileRef = 22E3F3731D1AA16A005F9893 /* Main.storyboard */; };
		22E3F3771D1AA16A005F9893 /* Assets.xcassets in Resources */ = {isa = PBXBuildFile; fileRef = 22E3F3761D1AA16A005F9893 /* Assets.xcassets */; };
		22E3F37A1D1AA16A005F9893 /* LaunchScreen.storyboard in Resources */ = {isa = PBXBuildFile; fileRef = 22E3F3781D1AA16A005F9893 /* LaunchScreen.storyboard */; };
		22E3F3821D1AA363005F9893 /* ViewController2.swift in Sources */ = {isa = PBXBuildFile; fileRef = 22E3F3811D1AA363005F9893 /* ViewController2.swift */; };
		22E3F3841D1AA68F005F9893 /* LoginManager.swift in Sources */ = {isa = PBXBuildFile; fileRef = 22E3F3831D1AA68F005F9893 /* LoginManager.swift */; };
		22E3F39D1D1AABA5005F9893 /* Alamofire.framework in Frameworks */ = {isa = PBXBuildFile; fileRef = 22E3F3901D1AAB48005F9893 /* Alamofire.framework */; };
		E38D547EEE9E883BC923E4C7 /* Pods_fw_task.framework in Frameworks */ = {isa = PBXBuildFile; fileRef = 38F9EC09D47B3960C58641D6 /* Pods_fw_task.framework */; };
/* End PBXBuildFile section */

/* Begin PBXContainerItemProxy section */
		22E3F38F1D1AAB48005F9893 /* PBXContainerItemProxy */ = {
			isa = PBXContainerItemProxy;
			containerPortal = 22E3F3851D1AAB47005F9893 /* Alamofire.xcodeproj */;
			proxyType = 2;
			remoteGlobalIDString = F8111E3319A95C8B0040E7D1;
			remoteInfo = "Alamofire iOS";
		};
		22E3F3911D1AAB48005F9893 /* PBXContainerItemProxy */ = {
			isa = PBXContainerItemProxy;
			containerPortal = 22E3F3851D1AAB47005F9893 /* Alamofire.xcodeproj */;
			proxyType = 2;
			remoteGlobalIDString = F8111E3E19A95C8B0040E7D1;
			remoteInfo = "Alamofire iOS Tests";
		};
		22E3F3931D1AAB48005F9893 /* PBXContainerItemProxy */ = {
			isa = PBXContainerItemProxy;
			containerPortal = 22E3F3851D1AAB47005F9893 /* Alamofire.xcodeproj */;
			proxyType = 2;
			remoteGlobalIDString = 4DD67C0B1A5C55C900ED2280;
			remoteInfo = "Alamofire OSX";
		};
		22E3F3951D1AAB48005F9893 /* PBXContainerItemProxy */ = {
			isa = PBXContainerItemProxy;
			containerPortal = 22E3F3851D1AAB47005F9893 /* Alamofire.xcodeproj */;
			proxyType = 2;
			remoteGlobalIDString = F829C6B21A7A94F100A2CD59;
			remoteInfo = "Alamofire OSX Tests";
		};
		22E3F3971D1AAB48005F9893 /* PBXContainerItemProxy */ = {
			isa = PBXContainerItemProxy;
			containerPortal = 22E3F3851D1AAB47005F9893 /* Alamofire.xcodeproj */;
			proxyType = 2;
			remoteGlobalIDString = 4CF626EF1BA7CB3E0011A099;
			remoteInfo = "Alamofire tvOS";
		};
		22E3F3991D1AAB48005F9893 /* PBXContainerItemProxy */ = {
			isa = PBXContainerItemProxy;
			containerPortal = 22E3F3851D1AAB47005F9893 /* Alamofire.xcodeproj */;
			proxyType = 2;
			remoteGlobalIDString = 4CF626F81BA7CB3E0011A099;
			remoteInfo = "Alamofire tvOS Tests";
		};
		22E3F39B1D1AAB48005F9893 /* PBXContainerItemProxy */ = {
			isa = PBXContainerItemProxy;
			containerPortal = 22E3F3851D1AAB47005F9893 /* Alamofire.xcodeproj */;
			proxyType = 2;
			remoteGlobalIDString = E4202FE01B667AA100C997FB;
			remoteInfo = "Alamofire watchOS";
		};
/* End PBXContainerItemProxy section */

/* Begin PBXFileReference section */
		22E3F36C1D1AA169005F9893 /* fw task.app */ = {isa = PBXFileReference; explicitFileType = wrapper.application; includeInIndex = 0; path = "fw task.app"; sourceTree = BUILT_PRODUCTS_DIR; };
		22E3F36F1D1AA169005F9893 /* AppDelegate.swift */ = {isa = PBXFileReference; lastKnownFileType = sourcecode.swift; path = AppDelegate.swift; sourceTree = "<group>"; };
		22E3F3711D1AA169005F9893 /* ViewController.swift */ = {isa = PBXFileReference; lastKnownFileType = sourcecode.swift; path = ViewController.swift; sourceTree = "<group>"; };
		22E3F3741D1AA16A005F9893 /* Base */ = {isa = PBXFileReference; lastKnownFileType = file.storyboard; name = Base; path = Base.lproj/Main.storyboard; sourceTree = "<group>"; };
		22E3F3761D1AA16A005F9893 /* Assets.xcassets */ = {isa = PBXFileReference; lastKnownFileType = folder.assetcatalog; path = Assets.xcassets; sourceTree = "<group>"; };
		22E3F3791D1AA16A005F9893 /* Base */ = {isa = PBXFileReference; lastKnownFileType = file.storyboard; name = Base; path = Base.lproj/LaunchScreen.storyboard; sourceTree = "<group>"; };
		22E3F37B1D1AA16A005F9893 /* Info.plist */ = {isa = PBXFileReference; lastKnownFileType = text.plist.xml; path = Info.plist; sourceTree = "<group>"; };
		22E3F3811D1AA363005F9893 /* ViewController2.swift */ = {isa = PBXFileReference; fileEncoding = 4; lastKnownFileType = sourcecode.swift; path = ViewController2.swift; sourceTree = "<group>"; };
		22E3F3831D1AA68F005F9893 /* LoginManager.swift */ = {isa = PBXFileReference; fileEncoding = 4; lastKnownFileType = sourcecode.swift; path = LoginManager.swift; sourceTree = "<group>"; };
		22E3F3851D1AAB47005F9893 /* Alamofire.xcodeproj */ = {isa = PBXFileReference; lastKnownFileType = "wrapper.pb-project"; name = Alamofire.xcodeproj; path = Alamofire/Alamofire.xcodeproj; sourceTree = "<group>"; };
		38F9EC09D47B3960C58641D6 /* Pods_fw_task.framework */ = {isa = PBXFileReference; explicitFileType = wrapper.framework; includeInIndex = 0; path = Pods_fw_task.framework; sourceTree = BUILT_PRODUCTS_DIR; };
		9EB4E12C873B1686F9EBA306 /* Pods-fw task.release.xcconfig */ = {isa = PBXFileReference; includeInIndex = 1; lastKnownFileType = text.xcconfig; name = "Pods-fw task.release.xcconfig"; path = "Pods/Target Support Files/Pods-fw task/Pods-fw task.release.xcconfig"; sourceTree = "<group>"; };
		ACA79F0C683D0C0D32C4194C /* Pods-fw task.debug.xcconfig */ = {isa = PBXFileReference; includeInIndex = 1; lastKnownFileType = text.xcconfig; name = "Pods-fw task.debug.xcconfig"; path = "Pods/Target Support Files/Pods-fw task/Pods-fw task.debug.xcconfig"; sourceTree = "<group>"; };
/* End PBXFileReference section */

/* Begin PBXFrameworksBuildPhase section */
		22E3F3691D1AA168005F9893 /* Frameworks */ = {
			isa = PBXFrameworksBuildPhase;
			buildActionMask = 2147483647;
			files = (
				22E3F39D1D1AABA5005F9893 /* Alamofire.framework in Frameworks */,
				E38D547EEE9E883BC923E4C7 /* Pods_fw_task.framework in Frameworks */,
			);
			runOnlyForDeploymentPostprocessing = 0;
		};
/* End PBXFrameworksBuildPhase section */

/* Begin PBXGroup section */
		22E3F3631D1AA168005F9893 = {
			isa = PBXGroup;
			children = (
				22E3F3851D1AAB47005F9893 /* Alamofire.xcodeproj */,
				22E3F36E1D1AA169005F9893 /* fw task */,
				22E3F36D1D1AA169005F9893 /* Products */,
				688BEBB5B15F30E8E9D33B70 /* Pods */,
				99D637977B35CF9F4AC279A3 /* Frameworks */,
			);
			sourceTree = "<group>";
		};
		22E3F36D1D1AA169005F9893 /* Products */ = {
			isa = PBXGroup;
			children = (
				22E3F36C1D1AA169005F9893 /* fw task.app */,
			);
			name = Products;
			sourceTree = "<group>";
		};
		22E3F36E1D1AA169005F9893 /* fw task */ = {
			isa = PBXGroup;
			children = (
				22E3F36F1D1AA169005F9893 /* AppDelegate.swift */,
				22E3F3711D1AA169005F9893 /* ViewController.swift */,
				22E3F3811D1AA363005F9893 /* ViewController2.swift */,
				22E3F3831D1AA68F005F9893 /* LoginManager.swift */,
				22E3F3731D1AA16A005F9893 /* Main.storyboard */,
				22E3F3761D1AA16A005F9893 /* Assets.xcassets */,
				22E3F3781D1AA16A005F9893 /* LaunchScreen.storyboard */,
				22E3F37B1D1AA16A005F9893 /* Info.plist */,
			);
			path = "fw task";
			sourceTree = "<group>";
		};
		22E3F3861D1AAB47005F9893 /* Products */ = {
			isa = PBXGroup;
			children = (
				22E3F3901D1AAB48005F9893 /* Alamofire.framework */,
				22E3F3921D1AAB48005F9893 /* Alamofire iOS Tests.xctest */,
				22E3F3941D1AAB48005F9893 /* Alamofire.framework */,
				22E3F3961D1AAB48005F9893 /* Alamofire OSX Tests.xctest */,
				22E3F3981D1AAB48005F9893 /* Alamofire.framework */,
				22E3F39A1D1AAB48005F9893 /* Alamofire tvOS Tests.xctest */,
				22E3F39C1D1AAB48005F9893 /* Alamofire.framework */,
			);
			name = Products;
			sourceTree = "<group>";
		};
		688BEBB5B15F30E8E9D33B70 /* Pods */ = {
			isa = PBXGroup;
			children = (
				ACA79F0C683D0C0D32C4194C /* Pods-fw task.debug.xcconfig */,
				9EB4E12C873B1686F9EBA306 /* Pods-fw task.release.xcconfig */,
			);
			name = Pods;
			sourceTree = "<group>";
		};
		99D637977B35CF9F4AC279A3 /* Frameworks */ = {
			isa = PBXGroup;
			children = (
				38F9EC09D47B3960C58641D6 /* Pods_fw_task.framework */,
			);
			name = Frameworks;
			sourceTree = "<group>";
		};
/* End PBXGroup section */

/* Begin PBXNativeTarget section */
		22E3F36B1D1AA168005F9893 /* fw task */ = {
			isa = PBXNativeTarget;
			buildConfigurationList = 22E3F37E1D1AA16A005F9893 /* Build configuration list for PBXNativeTarget "fw task" */;
			buildPhases = (
				FDCA08E7085E4BD9F0646DEF /* 📦 Check Pods Manifest.lock */,
				22E3F3681D1AA168005F9893 /* Sources */,
				22E3F3691D1AA168005F9893 /* Frameworks */,
				22E3F36A1D1AA168005F9893 /* Resources */,
				5F844A019125FE130F90E90E /* 📦 Embed Pods Frameworks */,
				BAAC79F66EA1A5F41D742319 /* 📦 Copy Pods Resources */,
			);
			buildRules = (
			);
			dependencies = (
			);
			name = "fw task";
			productName = "fw task";
			productReference = 22E3F36C1D1AA169005F9893 /* fw task.app */;
			productType = "com.apple.product-type.application";
		};
/* End PBXNativeTarget section */

/* Begin PBXProject section */
		22E3F3641D1AA168005F9893 /* Project object */ = {
			isa = PBXProject;
			attributes = {
				LastSwiftUpdateCheck = 0730;
				LastUpgradeCheck = 0730;
				ORGANIZATIONNAME = wasea;
				TargetAttributes = {
					22E3F36B1D1AA168005F9893 = {
						CreatedOnToolsVersion = 7.3.1;
					};
				};
			};
			buildConfigurationList = 22E3F3671D1AA168005F9893 /* Build configuration list for PBXProject "fw task" */;
			compatibilityVersion = "Xcode 3.2";
			developmentRegion = English;
			hasScannedForEncodings = 0;
			knownRegions = (
				en,
				Base,
			);
			mainGroup = 22E3F3631D1AA168005F9893;
			productRefGroup = 22E3F36D1D1AA169005F9893 /* Products */;
			projectDirPath = "";
			projectReferences = (
				{
					ProductGroup = 22E3F3861D1AAB47005F9893 /* Products */;
					ProjectRef = 22E3F3851D1AAB47005F9893 /* Alamofire.xcodeproj */;
				},
			);
			projectRoot = "";
			targets = (
				22E3F36B1D1AA168005F9893 /* fw task */,
			);
		};
/* End PBXProject section */

/* Begin PBXReferenceProxy section */
		22E3F3901D1AAB48005F9893 /* Alamofire.framework */ = {
			isa = PBXReferenceProxy;
			fileType = wrapper.framework;
			path = Alamofire.framework;
			remoteRef = 22E3F38F1D1AAB48005F9893 /* PBXContainerItemProxy */;
			sourceTree = BUILT_PRODUCTS_DIR;
		};
		22E3F3921D1AAB48005F9893 /* Alamofire iOS Tests.xctest */ = {
			isa = PBXReferenceProxy;
			fileType = wrapper.cfbundle;
			path = "Alamofire iOS Tests.xctest";
			remoteRef = 22E3F3911D1AAB48005F9893 /* PBXContainerItemProxy */;
			sourceTree = BUILT_PRODUCTS_DIR;
		};
		22E3F3941D1AAB48005F9893 /* Alamofire.framework */ = {
			isa = PBXReferenceProxy;
			fileType = wrapper.framework;
			path = Alamofire.framework;
			remoteRef = 22E3F3931D1AAB48005F9893 /* PBXContainerItemProxy */;
			sourceTree = BUILT_PRODUCTS_DIR;
		};
		22E3F3961D1AAB48005F9893 /* Alamofire OSX Tests.xctest */ = {
			isa = PBXReferenceProxy;
			fileType = wrapper.cfbundle;
			path = "Alamofire OSX Tests.xctest";
			remoteRef = 22E3F3951D1AAB48005F9893 /* PBXContainerItemProxy */;
			sourceTree = BUILT_PRODUCTS_DIR;
		};
		22E3F3981D1AAB48005F9893 /* Alamofire.framework */ = {
			isa = PBXReferenceProxy;
			fileType = wrapper.framework;
			path = Alamofire.framework;
			remoteRef = 22E3F3971D1AAB48005F9893 /* PBXContainerItemProxy */;
			sourceTree = BUILT_PRODUCTS_DIR;
		};
		22E3F39A1D1AAB48005F9893 /* Alamofire tvOS Tests.xctest */ = {
			isa = PBXReferenceProxy;
			fileType = wrapper.cfbundle;
			path = "Alamofire tvOS Tests.xctest";
			remoteRef = 22E3F3991D1AAB48005F9893 /* PBXContainerItemProxy */;
			sourceTree = BUILT_PRODUCTS_DIR;
		};
		22E3F39C1D1AAB48005F9893 /* Alamofire.framework */ = {
			isa = PBXReferenceProxy;
			fileType = wrapper.framework;
			path = Alamofire.framework;
			remoteRef = 22E3F39B1D1AAB48005F9893 /* PBXContainerItemProxy */;
			sourceTree = BUILT_PRODUCTS_DIR;
		};
/* End PBXReferenceProxy section */

/* Begin PBXResourcesBuildPhase section */
		22E3F36A1D1AA168005F9893 /* Resources */ = {
			isa = PBXResourcesBuildPhase;
			buildActionMask = 2147483647;
			files = (
				22E3F37A1D1AA16A005F9893 /* LaunchScreen.storyboard in Resources */,
				22E3F3771D1AA16A005F9893 /* Assets.xcassets in Resources */,
				22E3F3751D1AA16A005F9893 /* Main.storyboard in Resources */,
			);
			runOnlyForDeploymentPostprocessing = 0;
		};
/* End PBXResourcesBuildPhase section */

/* Begin PBXShellScriptBuildPhase section */
		5F844A019125FE130F90E90E /* 📦 Embed Pods Frameworks */ = {
			isa = PBXShellScriptBuildPhase;
			buildActionMask = 2147483647;
			files = (
			);
			inputPaths = (
			);
			name = "📦 Embed Pods Frameworks";
			outputPaths = (
			);
			runOnlyForDeploymentPostprocessing = 0;
			shellPath = /bin/sh;
			shellScript = "\"${SRCROOT}/Pods/Target Support Files/Pods-fw task/Pods-fw task-frameworks.sh\"\n";
			showEnvVarsInLog = 0;
		};
		BAAC79F66EA1A5F41D742319 /* 📦 Copy Pods Resources */ = {
			isa = PBXShellScriptBuildPhase;
			buildActionMask = 2147483647;
			files = (
			);
			inputPaths = (
			);
			name = "📦 Copy Pods Resources";
			outputPaths = (
			);
			runOnlyForDeploymentPostprocessing = 0;
			shellPath = /bin/sh;
			shellScript = "\"${SRCROOT}/Pods/Target Support Files/Pods-fw task/Pods-fw task-resources.sh\"\n";
			showEnvVarsInLog = 0;
		};
		FDCA08E7085E4BD9F0646DEF /* 📦 Check Pods Manifest.lock */ = {
			isa = PBXShellScriptBuildPhase;
			buildActionMask = 2147483647;
			files = (
			);
			inputPaths = (
			);
			name = "📦 Check Pods Manifest.lock";
			outputPaths = (
			);
			runOnlyForDeploymentPostprocessing = 0;
			shellPath = /bin/sh;
			shellScript = "diff \"${PODS_ROOT}/../Podfile.lock\" \"${PODS_ROOT}/Manifest.lock\" > /dev/null\nif [[ $? != 0 ]] ; then\n    cat << EOM\nerror: The sandbox is not in sync with the Podfile.lock. Run 'pod install' or update your CocoaPods installation.\nEOM\n    exit 1\nfi\n";
			showEnvVarsInLog = 0;
		};
/* End PBXShellScriptBuildPhase section */

/* Begin PBXSourcesBuildPhase section */
		22E3F3681D1AA168005F9893 /* Sources */ = {
			isa = PBXSourcesBuildPhase;
			buildActionMask = 2147483647;
			files = (
				22E3F3721D1AA169005F9893 /* ViewController.swift in Sources */,
				22E3F3841D1AA68F005F9893 /* LoginManager.swift in Sources */,
				22E3F3701D1AA169005F9893 /* AppDelegate.swift in Sources */,
				22E3F3821D1AA363005F9893 /* ViewController2.swift in Sources */,
			);
			runOnlyForDeploymentPostprocessing = 0;
		};
/* End PBXSourcesBuildPhase section */

/* Begin PBXVariantGroup section */
		22E3F3731D1AA16A005F9893 /* Main.storyboard */ = {
			isa = PBXVariantGroup;
			children = (
				22E3F3741D1AA16A005F9893 /* Base */,
			);
			name = Main.storyboard;
			sourceTree = "<group>";
		};
		22E3F3781D1AA16A005F9893 /* LaunchScreen.storyboard */ = {
			isa = PBXVariantGroup;
			children = (
				22E3F3791D1AA16A005F9893 /* Base */,
			);
			name = LaunchScreen.storyboard;
			sourceTree = "<group>";
		};
/* End PBXVariantGroup section */

/* Begin XCBuildConfiguration section */
		22E3F37C1D1AA16A005F9893 /* Debug */ = {
			isa = XCBuildConfiguration;
			buildSettings = {
				ALWAYS_SEARCH_USER_PATHS = NO;
				CLANG_ANALYZER_NONNULL = YES;
				CLANG_CXX_LANGUAGE_STANDARD = "gnu++0x";
				CLANG_CXX_LIBRARY = "libc++";
				CLANG_ENABLE_MODULES = YES;
				CLANG_ENABLE_OBJC_ARC = YES;
				CLANG_WARN_BOOL_CONVERSION = YES;
				CLANG_WARN_CONSTANT_CONVERSION = YES;
				CLANG_WARN_DIRECT_OBJC_ISA_USAGE = YES_ERROR;
				CLANG_WARN_EMPTY_BODY = YES;
				CLANG_WARN_ENUM_CONVERSION = YES;
				CLANG_WARN_INT_CONVERSION = YES;
				CLANG_WARN_OBJC_ROOT_CLASS = YES_ERROR;
				CLANG_WARN_UNREACHABLE_CODE = YES;
				CLANG_WARN__DUPLICATE_METHOD_MATCH = YES;
				"CODE_SIGN_IDENTITY[sdk=iphoneos*]" = "iPhone Developer";
				COPY_PHASE_STRIP = NO;
				DEBUG_INFORMATION_FORMAT = dwarf;
				ENABLE_STRICT_OBJC_MSGSEND = YES;
				ENABLE_TESTABILITY = YES;
				GCC_C_LANGUAGE_STANDARD = gnu99;
				GCC_DYNAMIC_NO_PIC = NO;
				GCC_NO_COMMON_BLOCKS = YES;
				GCC_OPTIMIZATION_LEVEL = 0;
				GCC_PREPROCESSOR_DEFINITIONS = (
					"DEBUG=1",
					"$(inherited)",
				);
				GCC_WARN_64_TO_32_BIT_CONVERSION = YES;
				GCC_WARN_ABOUT_RETURN_TYPE = YES_ERROR;
				GCC_WARN_UNDECLARED_SELECTOR = YES;
				GCC_WARN_UNINITIALIZED_AUTOS = YES_AGGRESSIVE;
				GCC_WARN_UNUSED_FUNCTION = YES;
				GCC_WARN_UNUSED_VARIABLE = YES;
				IPHONEOS_DEPLOYMENT_TARGET = 9.3;
				MTL_ENABLE_DEBUG_INFO = YES;
				ONLY_ACTIVE_ARCH = YES;
				SDKROOT = iphoneos;
				SWIFT_OPTIMIZATION_LEVEL = "-Onone";
			};
			name = Debug;
		};
		22E3F37D1D1AA16A005F9893 /* Release */ = {
			isa = XCBuildConfiguration;
			buildSettings = {
				ALWAYS_SEARCH_USER_PATHS = NO;
				CLANG_ANALYZER_NONNULL = YES;
				CLANG_CXX_LANGUAGE_STANDARD = "gnu++0x";
				CLANG_CXX_LIBRARY = "libc++";
				CLANG_ENABLE_MODULES = YES;
				CLANG_ENABLE_OBJC_ARC = YES;
				CLANG_WARN_BOOL_CONVERSION = YES;
				CLANG_WARN_CONSTANT_CONVERSION = YES;
				CLANG_WARN_DIRECT_OBJC_ISA_USAGE = YES_ERROR;
				CLANG_WARN_EMPTY_BODY = YES;
				CLANG_WARN_ENUM_CONVERSION = YES;
				CLANG_WARN_INT_CONVERSION = YES;
				CLANG_WARN_OBJC_ROOT_CLASS = YES_ERROR;
				CLANG_WARN_UNREACHABLE_CODE = YES;
				CLANG_WARN__DUPLICATE_METHOD_MATCH = YES;
				"CODE_SIGN_IDENTITY[sdk=iphoneos*]" = "iPhone Developer";
				COPY_PHASE_STRIP = NO;
				DEBUG_INFORMATION_FORMAT = "dwarf-with-dsym";
				ENABLE_NS_ASSERTIONS = NO;
				ENABLE_STRICT_OBJC_MSGSEND = YES;
				GCC_C_LANGUAGE_STANDARD = gnu99;
				GCC_NO_COMMON_BLOCKS = YES;
				GCC_WARN_64_TO_32_BIT_CONVERSION = YES;
				GCC_WARN_ABOUT_RETURN_TYPE = YES_ERROR;
				GCC_WARN_UNDECLARED_SELECTOR = YES;
				GCC_WARN_UNINITIALIZED_AUTOS = YES_AGGRESSIVE;
				GCC_WARN_UNUSED_FUNCTION = YES;
				GCC_WARN_UNUSED_VARIABLE = YES;
				IPHONEOS_DEPLOYMENT_TARGET = 9.3;
				MTL_ENABLE_DEBUG_INFO = NO;
				SDKROOT = iphoneos;
				VALIDATE_PRODUCT = YES;
			};
			name = Release;
		};
		22E3F37F1D1AA16A005F9893 /* Debug */ = {
			isa = XCBuildConfiguration;
			baseConfigurationReference = ACA79F0C683D0C0D32C4194C /* Pods-fw task.debug.xcconfig */;
			buildSettings = {
				ASSETCATALOG_COMPILER_APPICON_NAME = AppIcon;
				FRAMEWORK_SEARCH_PATHS = (
					"$(inherited)",
					"$(PROJECT_DIR)",
				);
				INFOPLIST_FILE = "fw task/Info.plist";
				IPHONEOS_DEPLOYMENT_TARGET = 8.0;
				LD_RUNPATH_SEARCH_PATHS = "$(inherited) @executable_path/Frameworks";
				PRODUCT_BUNDLE_IDENTIFIER = "abc.fw-task";
				PRODUCT_NAME = "$(TARGET_NAME)";
			};
			name = Debug;
		};
		22E3F3801D1AA16A005F9893 /* Release */ = {
			isa = XCBuildConfiguration;
			baseConfigurationReference = 9EB4E12C873B1686F9EBA306 /* Pods-fw task.release.xcconfig */;
			buildSettings = {
				ASSETCATALOG_COMPILER_APPICON_NAME = AppIcon;
				FRAMEWORK_SEARCH_PATHS = (
					"$(inherited)",
					"$(PROJECT_DIR)",
				);
				INFOPLIST_FILE = "fw task/Info.plist";
				IPHONEOS_DEPLOYMENT_TARGET = 8.0;
				LD_RUNPATH_SEARCH_PATHS = "$(inherited) @executable_path/Frameworks";
				PRODUCT_BUNDLE_IDENTIFIER = "abc.fw-task";
				PRODUCT_NAME = "$(TARGET_NAME)";
			};
			name = Release;
		};
/* End XCBuildConfiguration section */

/* Begin XCConfigurationList section */
		22E3F3671D1AA168005F9893 /* Build configuration list for PBXProject "fw task" */ = {
			isa = XCConfigurationList;
			buildConfigurations = (
				22E3F37C1D1AA16A005F9893 /* Debug */,
				22E3F37D1D1AA16A005F9893 /* Release */,
			);
			defaultConfigurationIsVisible = 0;
			defaultConfigurationName = Release;
		};
		22E3F37E1D1AA16A005F9893 /* Build configuration list for PBXNativeTarget "fw task" */ = {
			isa = XCConfigurationList;
			buildConfigurations = (
				22E3F37F1D1AA16A005F9893 /* Debug */,
				22E3F3801D1AA16A005F9893 /* Release */,
			);
			defaultConfigurationIsVisible = 0;
			defaultConfigurationName = Release;
		};
/* End XCConfigurationList section */
	};
	rootObject = 22E3F3641D1AA168005F9893 /* Project object */;
}
